// !$*UTF8*$!
{
	archiveVersion = 1;
	classes = {
	};
	objectVersion = 56;
	objects = {

/* Begin PBXBuildFile section */
		F63A323628E2952A00375474 /* nYam_nYamApp.swift in Sources */ = {isa = PBXBuildFile; fileRef = F63A323528E2952A00375474 /* nYam_nYamApp.swift */; };
		F63A323828E2952A00375474 /* ContentView.swift in Sources */ = {isa = PBXBuildFile; fileRef = F63A323728E2952A00375474 /* ContentView.swift */; };
		F63A323A28E2952B00375474 /* Assets.xcassets in Resources */ = {isa = PBXBuildFile; fileRef = F63A323928E2952B00375474 /* Assets.xcassets */; };
		F63A323D28E2952B00375474 /* Preview Assets.xcassets in Resources */ = {isa = PBXBuildFile; fileRef = F63A323C28E2952B00375474 /* Preview Assets.xcassets */; };
		F63A324728E2952B00375474 /* nYam_nYamTests.swift in Sources */ = {isa = PBXBuildFile; fileRef = F63A324628E2952B00375474 /* nYam_nYamTests.swift */; };
		F63A325128E2952B00375474 /* nYam_nYamUITests.swift in Sources */ = {isa = PBXBuildFile; fileRef = F63A325028E2952B00375474 /* nYam_nYamUITests.swift */; };
		F63A325328E2952B00375474 /* nYam_nYamUITestsLaunchTests.swift in Sources */ = {isa = PBXBuildFile; fileRef = F63A325228E2952B00375474 /* nYam_nYamUITestsLaunchTests.swift */; };
/* End PBXBuildFile section */

/* Begin PBXContainerItemProxy section */
		F63A324328E2952B00375474 /* PBXContainerItemProxy */ = {
			isa = PBXContainerItemProxy;
			containerPortal = F63A322A28E2952A00375474 /* Project object */;
			proxyType = 1;
			remoteGlobalIDString = F63A323128E2952A00375474;
			remoteInfo = nYam_nYam;
		};
		F63A324D28E2952B00375474 /* PBXContainerItemProxy */ = {
			isa = PBXContainerItemProxy;
			containerPortal = F63A322A28E2952A00375474 /* Project object */;
			proxyType = 1;
			remoteGlobalIDString = F63A323128E2952A00375474;
			remoteInfo = nYam_nYam;
		};
/* End PBXContainerItemProxy section */

/* Begin PBXFileReference section */
		F63A323228E2952A00375474 /* nYam_nYam.app */ = {isa = PBXFileReference; explicitFileType = wrapper.application; includeInIndex = 0; path = nYam_nYam.app; sourceTree = BUILT_PRODUCTS_DIR; };
		F63A323528E2952A00375474 /* nYam_nYamApp.swift */ = {isa = PBXFileReference; lastKnownFileType = sourcecode.swift; path = nYam_nYamApp.swift; sourceTree = "<group>"; };
		F63A323728E2952A00375474 /* ContentView.swift */ = {isa = PBXFileReference; lastKnownFileType = sourcecode.swift; path = ContentView.swift; sourceTree = "<group>"; };
		F63A323928E2952B00375474 /* Assets.xcassets */ = {isa = PBXFileReference; lastKnownFileType = folder.assetcatalog; path = Assets.xcassets; sourceTree = "<group>"; };
		F63A323C28E2952B00375474 /* Preview Assets.xcassets */ = {isa = PBXFileReference; lastKnownFileType = folder.assetcatalog; path = "Preview Assets.xcassets"; sourceTree = "<group>"; };
		F63A324228E2952B00375474 /* nYam_nYamTests.xctest */ = {isa = PBXFileReference; explicitFileType = wrapper.cfbundle; includeInIndex = 0; path = nYam_nYamTests.xctest; sourceTree = BUILT_PRODUCTS_DIR; };
		F63A324628E2952B00375474 /* nYam_nYamTests.swift */ = {isa = PBXFileReference; lastKnownFileType = sourcecode.swift; path = nYam_nYamTests.swift; sourceTree = "<group>"; };
		F63A324C28E2952B00375474 /* nYam_nYamUITests.xctest */ = {isa = PBXFileReference; explicitFileType = wrapper.cfbundle; includeInIndex = 0; path = nYam_nYamUITests.xctest; sourceTree = BUILT_PRODUCTS_DIR; };
		F63A325028E2952B00375474 /* nYam_nYamUITests.swift */ = {isa = PBXFileReference; lastKnownFileType = sourcecode.swift; path = nYam_nYamUITests.swift; sourceTree = "<group>"; };
		F63A325228E2952B00375474 /* nYam_nYamUITestsLaunchTests.swift */ = {isa = PBXFileReference; lastKnownFileType = sourcecode.swift; path = nYam_nYamUITestsLaunchTests.swift; sourceTree = "<group>"; };
/* End PBXFileReference section */

/* Begin PBXFrameworksBuildPhase section */
		F63A322F28E2952A00375474 /* Frameworks */ = {
			isa = PBXFrameworksBuildPhase;
			buildActionMask = 2147483647;
			files = (
			);
			runOnlyForDeploymentPostprocessing = 0;
		};
		F63A323F28E2952B00375474 /* Frameworks */ = {
			isa = PBXFrameworksBuildPhase;
			buildActionMask = 2147483647;
			files = (
			);
			runOnlyForDeploymentPostprocessing = 0;
		};
		F63A324928E2952B00375474 /* Frameworks */ = {
			isa = PBXFrameworksBuildPhase;
			buildActionMask = 2147483647;
			files = (
			);
			runOnlyForDeploymentPostprocessing = 0;
		};
/* End PBXFrameworksBuildPhase section */

/* Begin PBXGroup section */
		F63A322928E2952A00375474 = {
			isa = PBXGroup;
			children = (
				F63A323428E2952A00375474 /* nYam_nYam */,
				F63A324528E2952B00375474 /* nYam_nYamTests */,
				F63A324F28E2952B00375474 /* nYam_nYamUITests */,
				F63A323328E2952A00375474 /* Products */,
			);
			sourceTree = "<group>";
		};
		F63A323328E2952A00375474 /* Products */ = {
			isa = PBXGroup;
			children = (
				F63A323228E2952A00375474 /* nYam_nYam.app */,
				F63A324228E2952B00375474 /* nYam_nYamTests.xctest */,
				F63A324C28E2952B00375474 /* nYam_nYamUITests.xctest */,
			);
			name = Products;
			sourceTree = "<group>";
		};
		F63A323428E2952A00375474 /* nYam_nYam */ = {
			isa = PBXGroup;
			children = (
				F63A323528E2952A00375474 /* nYam_nYamApp.swift */,
				F63A323728E2952A00375474 /* ContentView.swift */,
				F63A323928E2952B00375474 /* Assets.xcassets */,
				F63A323B28E2952B00375474 /* Preview Content */,
			);
			path = nYam_nYam;
			sourceTree = "<group>";
		};
		F63A323B28E2952B00375474 /* Preview Content */ = {
			isa = PBXGroup;
			children = (
				F63A323C28E2952B00375474 /* Preview Assets.xcassets */,
			);
			path = "Preview Content";
			sourceTree = "<group>";
		};
		F63A324528E2952B00375474 /* nYam_nYamTests */ = {
			isa = PBXGroup;
			children = (
				F63A324628E2952B00375474 /* nYam_nYamTests.swift */,
			);
			path = nYam_nYamTests;
			sourceTree = "<group>";
		};
		F63A324F28E2952B00375474 /* nYam_nYamUITests */ = {
			isa = PBXGroup;
			children = (
				F63A325028E2952B00375474 /* nYam_nYamUITests.swift */,
				F63A325228E2952B00375474 /* nYam_nYamUITestsLaunchTests.swift */,
			);
			path = nYam_nYamUITests;
			sourceTree = "<group>";
		};
/* End PBXGroup section */

/* Begin PBXNativeTarget section */
		F63A323128E2952A00375474 /* nYam_nYam */ = {
			isa = PBXNativeTarget;
			buildConfigurationList = F63A325628E2952B00375474 /* Build configuration list for PBXNativeTarget "nYam_nYam" */;
			buildPhases = (
				F63A322E28E2952A00375474 /* Sources */,
				F63A322F28E2952A00375474 /* Frameworks */,
				F63A323028E2952A00375474 /* Resources */,
			);
			buildRules = (
			);
			dependencies = (
			);
			name = nYam_nYam;
			productName = nYam_nYam;
			productReference = F63A323228E2952A00375474 /* nYam_nYam.app */;
			productType = "com.apple.product-type.application";
		};
		F63A324128E2952B00375474 /* nYam_nYamTests */ = {
			isa = PBXNativeTarget;
			buildConfigurationList = F63A325928E2952B00375474 /* Build configuration list for PBXNativeTarget "nYam_nYamTests" */;
			buildPhases = (
				F63A323E28E2952B00375474 /* Sources */,
				F63A323F28E2952B00375474 /* Frameworks */,
				F63A324028E2952B00375474 /* Resources */,
			);
			buildRules = (
			);
			dependencies = (
				F63A324428E2952B00375474 /* PBXTargetDependency */,
			);
			name = nYam_nYamTests;
			productName = nYam_nYamTests;
			productReference = F63A324228E2952B00375474 /* nYam_nYamTests.xctest */;
			productType = "com.apple.product-type.bundle.unit-test";
		};
		F63A324B28E2952B00375474 /* nYam_nYamUITests */ = {
			isa = PBXNativeTarget;
			buildConfigurationList = F63A325C28E2952B00375474 /* Build configuration list for PBXNativeTarget "nYam_nYamUITests" */;
			buildPhases = (
				F63A324828E2952B00375474 /* Sources */,
				F63A324928E2952B00375474 /* Frameworks */,
				F63A324A28E2952B00375474 /* Resources */,
			);
			buildRules = (
			);
			dependencies = (
				F63A324E28E2952B00375474 /* PBXTargetDependency */,
			);
			name = nYam_nYamUITests;
			productName = nYam_nYamUITests;
			productReference = F63A324C28E2952B00375474 /* nYam_nYamUITests.xctest */;
			productType = "com.apple.product-type.bundle.ui-testing";
		};
/* End PBXNativeTarget section */

/* Begin PBXProject section */
		F63A322A28E2952A00375474 /* Project object */ = {
			isa = PBXProject;
			attributes = {
				BuildIndependentTargetsInParallel = 1;
				LastSwiftUpdateCheck = 1400;
				LastUpgradeCheck = 1400;
				TargetAttributes = {
					F63A323128E2952A00375474 = {
						CreatedOnToolsVersion = 14.0;
					};
					F63A324128E2952B00375474 = {
						CreatedOnToolsVersion = 14.0;
						TestTargetID = F63A323128E2952A00375474;
					};
					F63A324B28E2952B00375474 = {
						CreatedOnToolsVersion = 14.0;
						TestTargetID = F63A323128E2952A00375474;
					};
				};
			};
			buildConfigurationList = F63A322D28E2952A00375474 /* Build configuration list for PBXProject "nYam_nYam" */;
			compatibilityVersion = "Xcode 14.0";
			developmentRegion = en;
			hasScannedForEncodings = 0;
			knownRegions = (
				en,
				Base,
			);
			mainGroup = F63A322928E2952A00375474;
			productRefGroup = F63A323328E2952A00375474 /* Products */;
			projectDirPath = "";
			projectRoot = "";
			targets = (
				F63A323128E2952A00375474 /* nYam_nYam */,
				F63A324128E2952B00375474 /* nYam_nYamTests */,
				F63A324B28E2952B00375474 /* nYam_nYamUITests */,
			);
		};
/* End PBXProject section */

/* Begin PBXResourcesBuildPhase section */
		F63A323028E2952A00375474 /* Resources */ = {
			isa = PBXResourcesBuildPhase;
			buildActionMask = 2147483647;
			files = (
				F63A323D28E2952B00375474 /* Preview Assets.xcassets in Resources */,
				F63A323A28E2952B00375474 /* Assets.xcassets in Resources */,
			);
			runOnlyForDeploymentPostprocessing = 0;
		};
		F63A324028E2952B00375474 /* Resources */ = {
			isa = PBXResourcesBuildPhase;
			buildActionMask = 2147483647;
			files = (
			);
			runOnlyForDeploymentPostprocessing = 0;
		};
		F63A324A28E2952B00375474 /* Resources */ = {
			isa = PBXResourcesBuildPhase;
			buildActionMask = 2147483647;
			files = (
			);
			runOnlyForDeploymentPostprocessing = 0;
		};
/* End PBXResourcesBuildPhase section */

/* Begin PBXSourcesBuildPhase section */
		F63A322E28E2952A00375474 /* Sources */ = {
			isa = PBXSourcesBuildPhase;
			buildActionMask = 2147483647;
			files = (
				F63A323828E2952A00375474 /* ContentView.swift in Sources */,
				F63A323628E2952A00375474 /* nYam_nYamApp.swift in Sources */,
			);
			runOnlyForDeploymentPostprocessing = 0;
		};
		F63A323E28E2952B00375474 /* Sources */ = {
			isa = PBXSourcesBuildPhase;
			buildActionMask = 2147483647;
			files = (
				F63A324728E2952B00375474 /* nYam_nYamTests.swift in Sources */,
			);
			runOnlyForDeploymentPostprocessing = 0;
		};
		F63A324828E2952B00375474 /* Sources */ = {
			isa = PBXSourcesBuildPhase;
			buildActionMask = 2147483647;
			files = (
				F63A325328E2952B00375474 /* nYam_nYamUITestsLaunchTests.swift in Sources */,
				F63A325128E2952B00375474 /* nYam_nYamUITests.swift in Sources */,
			);
			runOnlyForDeploymentPostprocessing = 0;
		};
/* End PBXSourcesBuildPhase section */

/* Begin PBXTargetDependency section */
		F63A324428E2952B00375474 /* PBXTargetDependency */ = {
			isa = PBXTargetDependency;
			target = F63A323128E2952A00375474 /* nYam_nYam */;
			targetProxy = F63A324328E2952B00375474 /* PBXContainerItemProxy */;
		};
		F63A324E28E2952B00375474 /* PBXTargetDependency */ = {
			isa = PBXTargetDependency;
			target = F63A323128E2952A00375474 /* nYam_nYam */;
			targetProxy = F63A324D28E2952B00375474 /* PBXContainerItemProxy */;
		};
/* End PBXTargetDependency section */

/* Begin XCBuildConfiguration section */
		F63A325428E2952B00375474 /* Debug */ = {
			isa = XCBuildConfiguration;
			buildSettings = {
				ALWAYS_SEARCH_USER_PATHS = NO;
				CLANG_ANALYZER_NONNULL = YES;
				CLANG_ANALYZER_NUMBER_OBJECT_CONVERSION = YES_AGGRESSIVE;
				CLANG_CXX_LANGUAGE_STANDARD = "gnu++20";
				CLANG_ENABLE_MODULES = YES;
				CLANG_ENABLE_OBJC_ARC = YES;
				CLANG_ENABLE_OBJC_WEAK = YES;
				CLANG_WARN_BLOCK_CAPTURE_AUTORELEASING = YES;
				CLANG_WARN_BOOL_CONVERSION = YES;
				CLANG_WARN_COMMA = YES;
				CLANG_WARN_CONSTANT_CONVERSION = YES;
				CLANG_WARN_DEPRECATED_OBJC_IMPLEMENTATIONS = YES;
				CLANG_WARN_DIRECT_OBJC_ISA_USAGE = YES_ERROR;
				CLANG_WARN_DOCUMENTATION_COMMENTS = YES;
				CLANG_WARN_EMPTY_BODY = YES;
				CLANG_WARN_ENUM_CONVERSION = YES;
				CLANG_WARN_INFINITE_RECURSION = YES;
				CLANG_WARN_INT_CONVERSION = YES;
				CLANG_WARN_NON_LITERAL_NULL_CONVERSION = YES;
				CLANG_WARN_OBJC_IMPLICIT_RETAIN_SELF = YES;
				CLANG_WARN_OBJC_LITERAL_CONVERSION = YES;
				CLANG_WARN_OBJC_ROOT_CLASS = YES_ERROR;
				CLANG_WARN_QUOTED_INCLUDE_IN_FRAMEWORK_HEADER = YES;
				CLANG_WARN_RANGE_LOOP_ANALYSIS = YES;
				CLANG_WARN_STRICT_PROTOTYPES = YES;
				CLANG_WARN_SUSPICIOUS_MOVE = YES;
				CLANG_WARN_UNGUARDED_AVAILABILITY = YES_AGGRESSIVE;
				CLANG_WARN_UNREACHABLE_CODE = YES;
				CLANG_WARN__DUPLICATE_METHOD_MATCH = YES;
				COPY_PHASE_STRIP = NO;
				DEBUG_INFORMATION_FORMAT = dwarf;
				ENABLE_STRICT_OBJC_MSGSEND = YES;
				ENABLE_TESTABILITY = YES;
				GCC_C_LANGUAGE_STANDARD = gnu11;
				GCC_DYNAMIC_NO_PIC = NO;
				GCC_NO_COMMON_BLOCKS = YES;
				GCC_OPTIMIZATION_LEVEL = 0;
				GCC_PREPROCESSOR_DEFINITIONS = (
					"DEBUG=1",
					"$(inherited)",
				);
				GCC_WARN_64_TO_32_BIT_CONVERSION = YES;
				GCC_WARN_ABOUT_RETURN_TYPE = YES_ERROR;
				GCC_WARN_UNDECLARED_SELECTOR = YES;
				GCC_WARN_UNINITIALIZED_AUTOS = YES_AGGRESSIVE;
				GCC_WARN_UNUSED_FUNCTION = YES;
				GCC_WARN_UNUSED_VARIABLE = YES;
				IPHONEOS_DEPLOYMENT_TARGET = 16.0;
				MTL_ENABLE_DEBUG_INFO = INCLUDE_SOURCE;
				MTL_FAST_MATH = YES;
				ONLY_ACTIVE_ARCH = YES;
				SDKROOT = iphoneos;
				SWIFT_ACTIVE_COMPILATION_CONDITIONS = DEBUG;
				SWIFT_OPTIMIZATION_LEVEL = "-Onone";
			};
			name = Debug;
		};
		F63A325528E2952B00375474 /* Release */ = {
			isa = XCBuildConfiguration;
			buildSettings = {
				ALWAYS_SEARCH_USER_PATHS = NO;
				CLANG_ANALYZER_NONNULL = YES;
				CLANG_ANALYZER_NUMBER_OBJECT_CONVERSION = YES_AGGRESSIVE;
				CLANG_CXX_LANGUAGE_STANDARD = "gnu++20";
				CLANG_ENABLE_MODULES = YES;
				CLANG_ENABLE_OBJC_ARC = YES;
				CLANG_ENABLE_OBJC_WEAK = YES;
				CLANG_WARN_BLOCK_CAPTURE_AUTORELEASING = YES;
				CLANG_WARN_BOOL_CONVERSION = YES;
				CLANG_WARN_COMMA = YES;
				CLANG_WARN_CONSTANT_CONVERSION = YES;
				CLANG_WARN_DEPRECATED_OBJC_IMPLEMENTATIONS = YES;
				CLANG_WARN_DIRECT_OBJC_ISA_USAGE = YES_ERROR;
				CLANG_WARN_DOCUMENTATION_COMMENTS = YES;
				CLANG_WARN_EMPTY_BODY = YES;
				CLANG_WARN_ENUM_CONVERSION = YES;
				CLANG_WARN_INFINITE_RECURSION = YES;
				CLANG_WARN_INT_CONVERSION = YES;
				CLANG_WARN_NON_LITERAL_NULL_CONVERSION = YES;
				CLANG_WARN_OBJC_IMPLICIT_RETAIN_SELF = YES;
				CLANG_WARN_OBJC_LITERAL_CONVERSION = YES;
				CLANG_WARN_OBJC_ROOT_CLASS = YES_ERROR;
				CLANG_WARN_QUOTED_INCLUDE_IN_FRAMEWORK_HEADER = YES;
				CLANG_WARN_RANGE_LOOP_ANALYSIS = YES;
				CLANG_WARN_STRICT_PROTOTYPES = YES;
				CLANG_WARN_SUSPICIOUS_MOVE = YES;
				CLANG_WARN_UNGUARDED_AVAILABILITY = YES_AGGRESSIVE;
				CLANG_WARN_UNREACHABLE_CODE = YES;
				CLANG_WARN__DUPLICATE_METHOD_MATCH = YES;
				COPY_PHASE_STRIP = NO;
				DEBUG_INFORMATION_FORMAT = "dwarf-with-dsym";
				ENABLE_NS_ASSERTIONS = NO;
				ENABLE_STRICT_OBJC_MSGSEND = YES;
				GCC_C_LANGUAGE_STANDARD = gnu11;
				GCC_NO_COMMON_BLOCKS = YES;
				GCC_WARN_64_TO_32_BIT_CONVERSION = YES;
				GCC_WARN_ABOUT_RETURN_TYPE = YES_ERROR;
				GCC_WARN_UNDECLARED_SELECTOR = YES;
				GCC_WARN_UNINITIALIZED_AUTOS = YES_AGGRESSIVE;
				GCC_WARN_UNUSED_FUNCTION = YES;
				GCC_WARN_UNUSED_VARIABLE = YES;
				IPHONEOS_DEPLOYMENT_TARGET = 16.0;
				MTL_ENABLE_DEBUG_INFO = NO;
				MTL_FAST_MATH = YES;
				SDKROOT = iphoneos;
				SWIFT_COMPILATION_MODE = wholemodule;
				SWIFT_OPTIMIZATION_LEVEL = "-O";
				VALIDATE_PRODUCT = YES;
			};
			name = Release;
		};
		F63A325728E2952B00375474 /* Debug */ = {
			isa = XCBuildConfiguration;
			buildSettings = {
				ASSETCATALOG_COMPILER_APPICON_NAME = AppIcon;
				ASSETCATALOG_COMPILER_GLOBAL_ACCENT_COLOR_NAME = AccentColor;
				CODE_SIGN_STYLE = Automatic;
				CURRENT_PROJECT_VERSION = 1;
				DEVELOPMENT_ASSET_PATHS = "\"nYam_nYam/Preview Content\"";
				ENABLE_PREVIEWS = YES;
				GENERATE_INFOPLIST_FILE = YES;
				INFOPLIST_KEY_UIApplicationSceneManifest_Generation = YES;
				INFOPLIST_KEY_UIApplicationSupportsIndirectInputEvents = YES;
				INFOPLIST_KEY_UILaunchScreen_Generation = YES;
				INFOPLIST_KEY_UISupportedInterfaceOrientations_iPad = "UIInterfaceOrientationPortrait UIInterfaceOrientationPortraitUpsideDown UIInterfaceOrientationLandscapeLeft UIInterfaceOrientationLandscapeRight";
				INFOPLIST_KEY_UISupportedInterfaceOrientations_iPhone = "UIInterfaceOrientationPortrait UIInterfaceOrientationLandscapeLeft UIInterfaceOrientationLandscapeRight";
				LD_RUNPATH_SEARCH_PATHS = (
					"$(inherited)",
					"@executable_path/Frameworks",
				);
				MARKETING_VERSION = 1.0;
				PRODUCT_BUNDLE_IDENTIFIER = "dylan-yoon.nYam-nYam";
				PRODUCT_NAME = "$(TARGET_NAME)";
				SWIFT_EMIT_LOC_STRINGS = YES;
				SWIFT_VERSION = 5.0;
				TARGETED_DEVICE_FAMILY = "1,2";
			};
			name = Debug;
		};
		F63A325828E2952B00375474 /* Release */ = {
			isa = XCBuildConfiguration;
			buildSettings = {
				ASSETCATALOG_COMPILER_APPICON_NAME = AppIcon;
				ASSETCATALOG_COMPILER_GLOBAL_ACCENT_COLOR_NAME = AccentColor;
				CODE_SIGN_STYLE = Automatic;
				CURRENT_PROJECT_VERSION = 1;
				DEVELOPMENT_ASSET_PATHS = "\"nYam_nYam/Preview Content\"";
				ENABLE_PREVIEWS = YES;
				GENERATE_INFOPLIST_FILE = YES;
				INFOPLIST_KEY_UIApplicationSceneManifest_Generation = YES;
				INFOPLIST_KEY_UIApplicationSupportsIndirectInputEvents = YES;
				INFOPLIST_KEY_UILaunchScreen_Generation = YES;
				INFOPLIST_KEY_UISupportedInterfaceOrientations_iPad = "UIInterfaceOrientationPortrait UIInterfaceOrientationPortraitUpsideDown UIInterfaceOrientationLandscapeLeft UIInterfaceOrientationLandscapeRight";
				INFOPLIST_KEY_UISupportedInterfaceOrientations_iPhone = "UIInterfaceOrientationPortrait UIInterfaceOrientationLandscapeLeft UIInterfaceOrientationLandscapeRight";
				LD_RUNPATH_SEARCH_PATHS = (
					"$(inherited)",
					"@executable_path/Frameworks",
				);
				MARKETING_VERSION = 1.0;
				PRODUCT_BUNDLE_IDENTIFIER = "dylan-yoon.nYam-nYam";
				PRODUCT_NAME = "$(TARGET_NAME)";
				SWIFT_EMIT_LOC_STRINGS = YES;
				SWIFT_VERSION = 5.0;
				TARGETED_DEVICE_FAMILY = "1,2";
			};
			name = Release;
		};
		F63A325A28E2952B00375474 /* Debug */ = {
			isa = XCBuildConfiguration;
			buildSettings = {
				ALWAYS_EMBED_SWIFT_STANDARD_LIBRARIES = YES;
				BUNDLE_LOADER = "$(TEST_HOST)";
				CODE_SIGN_STYLE = Automatic;
				CURRENT_PROJECT_VERSION = 1;
				GENERATE_INFOPLIST_FILE = YES;
				IPHONEOS_DEPLOYMENT_TARGET = 16.0;
				MARKETING_VERSION = 1.0;
				PRODUCT_BUNDLE_IDENTIFIER = "dylan-yoon.nYam-nYamTests";
				PRODUCT_NAME = "$(TARGET_NAME)";
				SWIFT_EMIT_LOC_STRINGS = NO;
				SWIFT_VERSION = 5.0;
				TARGETED_DEVICE_FAMILY = "1,2";
				TEST_HOST = "$(BUILT_PRODUCTS_DIR)/nYam_nYam.app/$(BUNDLE_EXECUTABLE_FOLDER_PATH)/nYam_nYam";
			};
			name = Debug;
		};
		F63A325B28E2952B00375474 /* Release */ = {
			isa = XCBuildConfiguration;
			buildSettings = {
				ALWAYS_EMBED_SWIFT_STANDARD_LIBRARIES = YES;
				BUNDLE_LOADER = "$(TEST_HOST)";
				CODE_SIGN_STYLE = Automatic;
				CURRENT_PROJECT_VERSION = 1;
				GENERATE_INFOPLIST_FILE = YES;
				IPHONEOS_DEPLOYMENT_TARGET = 16.0;
				MARKETING_VERSION = 1.0;
				PRODUCT_BUNDLE_IDENTIFIER = "dylan-yoon.nYam-nYamTests";
				PRODUCT_NAME = "$(TARGET_NAME)";
				SWIFT_EMIT_LOC_STRINGS = NO;
				SWIFT_VERSION = 5.0;
				TARGETED_DEVICE_FAMILY = "1,2";
				TEST_HOST = "$(BUILT_PRODUCTS_DIR)/nYam_nYam.app/$(BUNDLE_EXECUTABLE_FOLDER_PATH)/nYam_nYam";
			};
			name = Release;
		};
		F63A325D28E2952B00375474 /* Debug */ = {
			isa = XCBuildConfiguration;
			buildSettings = {
				ALWAYS_EMBED_SWIFT_STANDARD_LIBRARIES = YES;
				CODE_SIGN_STYLE = Automatic;
				CURRENT_PROJECT_VERSION = 1;
				GENERATE_INFOPLIST_FILE = YES;
				MARKETING_VERSION = 1.0;
				PRODUCT_BUNDLE_IDENTIFIER = "dylan-yoon.nYam-nYamUITests";
				PRODUCT_NAME = "$(TARGET_NAME)";
				SWIFT_EMIT_LOC_STRINGS = NO;
				SWIFT_VERSION = 5.0;
				TARGETED_DEVICE_FAMILY = "1,2";
				TEST_TARGET_NAME = nYam_nYam;
			};
			name = Debug;
		};
		F63A325E28E2952B00375474 /* Release */ = {
			isa = XCBuildConfiguration;
			buildSettings = {
				ALWAYS_EMBED_SWIFT_STANDARD_LIBRARIES = YES;
				CODE_SIGN_STYLE = Automatic;
				CURRENT_PROJECT_VERSION = 1;
				GENERATE_INFOPLIST_FILE = YES;
				MARKETING_VERSION = 1.0;
				PRODUCT_BUNDLE_IDENTIFIER = "dylan-yoon.nYam-nYamUITests";
				PRODUCT_NAME = "$(TARGET_NAME)";
				SWIFT_EMIT_LOC_STRINGS = NO;
				SWIFT_VERSION = 5.0;
				TARGETED_DEVICE_FAMILY = "1,2";
				TEST_TARGET_NAME = nYam_nYam;
			};
			name = Release;
		};
/* End XCBuildConfiguration section */

/* Begin XCConfigurationList section */
		F63A322D28E2952A00375474 /* Build configuration list for PBXProject "nYam_nYam" */ = {
			isa = XCConfigurationList;
			buildConfigurations = (
				F63A325428E2952B00375474 /* Debug */,
				F63A325528E2952B00375474 /* Release */,
			);
			defaultConfigurationIsVisible = 0;
			defaultConfigurationName = Release;
		};
		F63A325628E2952B00375474 /* Build configuration list for PBXNativeTarget "nYam_nYam" */ = {
			isa = XCConfigurationList;
			buildConfigurations = (
				F63A325728E2952B00375474 /* Debug */,
				F63A325828E2952B00375474 /* Release */,
			);
			defaultConfigurationIsVisible = 0;
			defaultConfigurationName = Release;
		};
		F63A325928E2952B00375474 /* Build configuration list for PBXNativeTarget "nYam_nYamTests" */ = {
			isa = XCConfigurationList;
			buildConfigurations = (
				F63A325A28E2952B00375474 /* Debug */,
				F63A325B28E2952B00375474 /* Release */,
			);
			defaultConfigurationIsVisible = 0;
			defaultConfigurationName = Release;
		};
		F63A325C28E2952B00375474 /* Build configuration list for PBXNativeTarget "nYam_nYamUITests" */ = {
			isa = XCConfigurationList;
			buildConfigurations = (
				F63A325D28E2952B00375474 /* Debug */,
				F63A325E28E2952B00375474 /* Release */,
			);
			defaultConfigurationIsVisible = 0;
			defaultConfigurationName = Release;
		};
/* End XCConfigurationList section */
	};
	rootObject = F63A322A28E2952A00375474 /* Project object */;
}
